// !$*UTF8*$!
{
	archiveVersion = 1;
	classes = {
	};
	objectVersion = 50;
	objects = {

/* Begin PBXBuildFile section */
		C961C95A20BBFA2900A61F25 /* AppDelegate.swift in Sources */ = {isa = PBXBuildFile; fileRef = C961C95920BBFA2900A61F25 /* AppDelegate.swift */; };
		C961C95C20BBFA2900A61F25 /* ViewController.swift in Sources */ = {isa = PBXBuildFile; fileRef = C961C95B20BBFA2900A61F25 /* ViewController.swift */; };
		C961C95F20BBFA2900A61F25 /* Main.storyboard in Resources */ = {isa = PBXBuildFile; fileRef = C961C95D20BBFA2900A61F25 /* Main.storyboard */; };
		C961C96120BBFA2A00A61F25 /* Assets.xcassets in Resources */ = {isa = PBXBuildFile; fileRef = C961C96020BBFA2A00A61F25 /* Assets.xcassets */; };
		C961C96420BBFA2A00A61F25 /* LaunchScreen.storyboard in Resources */ = {isa = PBXBuildFile; fileRef = C961C96220BBFA2A00A61F25 /* LaunchScreen.storyboard */; };
		C961C96F20BBFA2B00A61F25 /* _01_LLDBTests.swift in Sources */ = {isa = PBXBuildFile; fileRef = C961C96E20BBFA2B00A61F25 /* _01_LLDBTests.swift */; };
		C961C97A20BBFA2B00A61F25 /* _01_LLDBUITests.swift in Sources */ = {isa = PBXBuildFile; fileRef = C961C97920BBFA2B00A61F25 /* _01_LLDBUITests.swift */; };
/* End PBXBuildFile section */

/* Begin PBXContainerItemProxy section */
		C961C96B20BBFA2B00A61F25 /* PBXContainerItemProxy */ = {
			isa = PBXContainerItemProxy;
			containerPortal = C961C94E20BBFA2900A61F25 /* Project object */;
			proxyType = 1;
			remoteGlobalIDString = C961C95520BBFA2900A61F25;
			remoteInfo = "001-LLDB";
		};
		C961C97620BBFA2B00A61F25 /* PBXContainerItemProxy */ = {
			isa = PBXContainerItemProxy;
			containerPortal = C961C94E20BBFA2900A61F25 /* Project object */;
			proxyType = 1;
			remoteGlobalIDString = C961C95520BBFA2900A61F25;
			remoteInfo = "001-LLDB";
		};
/* End PBXContainerItemProxy section */

/* Begin PBXFileReference section */
		C961C95620BBFA2900A61F25 /* 001-LLDB.app */ = {isa = PBXFileReference; explicitFileType = wrapper.application; includeInIndex = 0; path = "001-LLDB.app"; sourceTree = BUILT_PRODUCTS_DIR; };
		C961C95920BBFA2900A61F25 /* AppDelegate.swift */ = {isa = PBXFileReference; lastKnownFileType = sourcecode.swift; path = AppDelegate.swift; sourceTree = "<group>"; };
		C961C95B20BBFA2900A61F25 /* ViewController.swift */ = {isa = PBXFileReference; lastKnownFileType = sourcecode.swift; path = ViewController.swift; sourceTree = "<group>"; };
		C961C95E20BBFA2900A61F25 /* Base */ = {isa = PBXFileReference; lastKnownFileType = file.storyboard; name = Base; path = Base.lproj/Main.storyboard; sourceTree = "<group>"; };
		C961C96020BBFA2A00A61F25 /* Assets.xcassets */ = {isa = PBXFileReference; lastKnownFileType = folder.assetcatalog; path = Assets.xcassets; sourceTree = "<group>"; };
		C961C96320BBFA2A00A61F25 /* Base */ = {isa = PBXFileReference; lastKnownFileType = file.storyboard; name = Base; path = Base.lproj/LaunchScreen.storyboard; sourceTree = "<group>"; };
		C961C96520BBFA2A00A61F25 /* Info.plist */ = {isa = PBXFileReference; lastKnownFileType = text.plist.xml; path = Info.plist; sourceTree = "<group>"; };
		C961C96A20BBFA2B00A61F25 /* 001-LLDBTests.xctest */ = {isa = PBXFileReference; explicitFileType = wrapper.cfbundle; includeInIndex = 0; path = "001-LLDBTests.xctest"; sourceTree = BUILT_PRODUCTS_DIR; };
		C961C96E20BBFA2B00A61F25 /* _01_LLDBTests.swift */ = {isa = PBXFileReference; lastKnownFileType = sourcecode.swift; path = _01_LLDBTests.swift; sourceTree = "<group>"; };
		C961C97020BBFA2B00A61F25 /* Info.plist */ = {isa = PBXFileReference; lastKnownFileType = text.plist.xml; path = Info.plist; sourceTree = "<group>"; };
		C961C97520BBFA2B00A61F25 /* 001-LLDBUITests.xctest */ = {isa = PBXFileReference; explicitFileType = wrapper.cfbundle; includeInIndex = 0; path = "001-LLDBUITests.xctest"; sourceTree = BUILT_PRODUCTS_DIR; };
		C961C97920BBFA2B00A61F25 /* _01_LLDBUITests.swift */ = {isa = PBXFileReference; lastKnownFileType = sourcecode.swift; path = _01_LLDBUITests.swift; sourceTree = "<group>"; };
		C961C97B20BBFA2B00A61F25 /* Info.plist */ = {isa = PBXFileReference; lastKnownFileType = text.plist.xml; path = Info.plist; sourceTree = "<group>"; };
/* End PBXFileReference section */

/* Begin PBXFrameworksBuildPhase section */
		C961C95320BBFA2900A61F25 /* Frameworks */ = {
			isa = PBXFrameworksBuildPhase;
			buildActionMask = 2147483647;
			files = (
			);
			runOnlyForDeploymentPostprocessing = 0;
		};
		C961C96720BBFA2B00A61F25 /* Frameworks */ = {
			isa = PBXFrameworksBuildPhase;
			buildActionMask = 2147483647;
			files = (
			);
			runOnlyForDeploymentPostprocessing = 0;
		};
		C961C97220BBFA2B00A61F25 /* Frameworks */ = {
			isa = PBXFrameworksBuildPhase;
			buildActionMask = 2147483647;
			files = (
			);
			runOnlyForDeploymentPostprocessing = 0;
		};
/* End PBXFrameworksBuildPhase section */

/* Begin PBXGroup section */
		C961C94D20BBFA2900A61F25 = {
			isa = PBXGroup;
			children = (
				C961C95820BBFA2900A61F25 /* 001-LLDB */,
				C961C96D20BBFA2B00A61F25 /* 001-LLDBTests */,
				C961C97820BBFA2B00A61F25 /* 001-LLDBUITests */,
				C961C95720BBFA2900A61F25 /* Products */,
			);
			sourceTree = "<group>";
		};
		C961C95720BBFA2900A61F25 /* Products */ = {
			isa = PBXGroup;
			children = (
				C961C95620BBFA2900A61F25 /* 001-LLDB.app */,
				C961C96A20BBFA2B00A61F25 /* 001-LLDBTests.xctest */,
				C961C97520BBFA2B00A61F25 /* 001-LLDBUITests.xctest */,
			);
			name = Products;
			sourceTree = "<group>";
		};
		C961C95820BBFA2900A61F25 /* 001-LLDB */ = {
			isa = PBXGroup;
			children = (
				C961C95920BBFA2900A61F25 /* AppDelegate.swift */,
				C961C95B20BBFA2900A61F25 /* ViewController.swift */,
				C961C95D20BBFA2900A61F25 /* Main.storyboard */,
				C961C96020BBFA2A00A61F25 /* Assets.xcassets */,
				C961C96220BBFA2A00A61F25 /* LaunchScreen.storyboard */,
				C961C96520BBFA2A00A61F25 /* Info.plist */,
			);
			path = "001-LLDB";
			sourceTree = "<group>";
		};
		C961C96D20BBFA2B00A61F25 /* 001-LLDBTests */ = {
			isa = PBXGroup;
			children = (
				C961C96E20BBFA2B00A61F25 /* _01_LLDBTests.swift */,
				C961C97020BBFA2B00A61F25 /* Info.plist */,
			);
			path = "001-LLDBTests";
			sourceTree = "<group>";
		};
		C961C97820BBFA2B00A61F25 /* 001-LLDBUITests */ = {
			isa = PBXGroup;
			children = (
				C961C97920BBFA2B00A61F25 /* _01_LLDBUITests.swift */,
				C961C97B20BBFA2B00A61F25 /* Info.plist */,
			);
			path = "001-LLDBUITests";
			sourceTree = "<group>";
		};
/* End PBXGroup section */

/* Begin PBXNativeTarget section */
		C961C95520BBFA2900A61F25 /* 001-LLDB */ = {
			isa = PBXNativeTarget;
			buildConfigurationList = C961C97E20BBFA2B00A61F25 /* Build configuration list for PBXNativeTarget "001-LLDB" */;
			buildPhases = (
				C961C95220BBFA2900A61F25 /* Sources */,
				C961C95320BBFA2900A61F25 /* Frameworks */,
				C961C95420BBFA2900A61F25 /* Resources */,
			);
			buildRules = (
			);
			dependencies = (
			);
			name = "001-LLDB";
			productName = "001-LLDB";
			productReference = C961C95620BBFA2900A61F25 /* 001-LLDB.app */;
			productType = "com.apple.product-type.application";
		};
		C961C96920BBFA2B00A61F25 /* 001-LLDBTests */ = {
			isa = PBXNativeTarget;
			buildConfigurationList = C961C98120BBFA2B00A61F25 /* Build configuration list for PBXNativeTarget "001-LLDBTests" */;
			buildPhases = (
				C961C96620BBFA2B00A61F25 /* Sources */,
				C961C96720BBFA2B00A61F25 /* Frameworks */,
				C961C96820BBFA2B00A61F25 /* Resources */,
			);
			buildRules = (
			);
			dependencies = (
				C961C96C20BBFA2B00A61F25 /* PBXTargetDependency */,
			);
			name = "001-LLDBTests";
			productName = "001-LLDBTests";
			productReference = C961C96A20BBFA2B00A61F25 /* 001-LLDBTests.xctest */;
			productType = "com.apple.product-type.bundle.unit-test";
		};
		C961C97420BBFA2B00A61F25 /* 001-LLDBUITests */ = {
			isa = PBXNativeTarget;
			buildConfigurationList = C961C98420BBFA2B00A61F25 /* Build configuration list for PBXNativeTarget "001-LLDBUITests" */;
			buildPhases = (
				C961C97120BBFA2B00A61F25 /* Sources */,
				C961C97220BBFA2B00A61F25 /* Frameworks */,
				C961C97320BBFA2B00A61F25 /* Resources */,
			);
			buildRules = (
			);
			dependencies = (
				C961C97720BBFA2B00A61F25 /* PBXTargetDependency */,
			);
			name = "001-LLDBUITests";
			productName = "001-LLDBUITests";
			productReference = C961C97520BBFA2B00A61F25 /* 001-LLDBUITests.xctest */;
			productType = "com.apple.product-type.bundle.ui-testing";
		};
/* End PBXNativeTarget section */

/* Begin PBXProject section */
		C961C94E20BBFA2900A61F25 /* Project object */ = {
			isa = PBXProject;
			attributes = {
				LastSwiftUpdateCheck = 0930;
				LastUpgradeCheck = 0930;
				ORGANIZATIONNAME = SYJ;
				TargetAttributes = {
					C961C95520BBFA2900A61F25 = {
						CreatedOnToolsVersion = 9.3;
					};
					C961C96920BBFA2B00A61F25 = {
						CreatedOnToolsVersion = 9.3;
						TestTargetID = C961C95520BBFA2900A61F25;
					};
					C961C97420BBFA2B00A61F25 = {
						CreatedOnToolsVersion = 9.3;
						TestTargetID = C961C95520BBFA2900A61F25;
					};
				};
			};
			buildConfigurationList = C961C95120BBFA2900A61F25 /* Build configuration list for PBXProject "001-LLDB" */;
			compatibilityVersion = "Xcode 9.3";
			developmentRegion = en;
			hasScannedForEncodings = 0;
			knownRegions = (
				en,
				Base,
			);
			mainGroup = C961C94D20BBFA2900A61F25;
			productRefGroup = C961C95720BBFA2900A61F25 /* Products */;
			projectDirPath = "";
			projectRoot = "";
			targets = (
				C961C95520BBFA2900A61F25 /* 001-LLDB */,
				C961C96920BBFA2B00A61F25 /* 001-LLDBTests */,
				C961C97420BBFA2B00A61F25 /* 001-LLDBUITests */,
			);
		};
/* End PBXProject section */

/* Begin PBXResourcesBuildPhase section */
		C961C95420BBFA2900A61F25 /* Resources */ = {
			isa = PBXResourcesBuildPhase;
			buildActionMask = 2147483647;
			files = (
				C961C96420BBFA2A00A61F25 /* LaunchScreen.storyboard in Resources */,
				C961C96120BBFA2A00A61F25 /* Assets.xcassets in Resources */,
				C961C95F20BBFA2900A61F25 /* Main.storyboard in Resources */,
			);
			runOnlyForDeploymentPostprocessing = 0;
		};
		C961C96820BBFA2B00A61F25 /* Resources */ = {
			isa = PBXResourcesBuildPhase;
			buildActionMask = 2147483647;
			files = (
			);
			runOnlyForDeploymentPostprocessing = 0;
		};
		C961C97320BBFA2B00A61F25 /* Resources */ = {
			isa = PBXResourcesBuildPhase;
			buildActionMask = 2147483647;
			files = (
			);
			runOnlyForDeploymentPostprocessing = 0;
		};
/* End PBXResourcesBuildPhase section */

/* Begin PBXSourcesBuildPhase section */
		C961C95220BBFA2900A61F25 /* Sources */ = {
			isa = PBXSourcesBuildPhase;
			buildActionMask = 2147483647;
			files = (
				C961C95C20BBFA2900A61F25 /* ViewController.swift in Sources */,
				C961C95A20BBFA2900A61F25 /* AppDelegate.swift in Sources */,
			);
			runOnlyForDeploymentPostprocessing = 0;
		};
		C961C96620BBFA2B00A61F25 /* Sources */ = {
			isa = PBXSourcesBuildPhase;
			buildActionMask = 2147483647;
			files = (
				C961C96F20BBFA2B00A61F25 /* _01_LLDBTests.swift in Sources */,
			);
			runOnlyForDeploymentPostprocessing = 0;
		};
		C961C97120BBFA2B00A61F25 /* Sources */ = {
			isa = PBXSourcesBuildPhase;
			buildActionMask = 2147483647;
			files = (
				C961C97A20BBFA2B00A61F25 /* _01_LLDBUITests.swift in Sources */,
			);
			runOnlyForDeploymentPostprocessing = 0;
		};
/* End PBXSourcesBuildPhase section */

/* Begin PBXTargetDependency section */
		C961C96C20BBFA2B00A61F25 /* PBXTargetDependency */ = {
			isa = PBXTargetDependency;
			target = C961C95520BBFA2900A61F25 /* 001-LLDB */;
			targetProxy = C961C96B20BBFA2B00A61F25 /* PBXContainerItemProxy */;
		};
		C961C97720BBFA2B00A61F25 /* PBXTargetDependency */ = {
			isa = PBXTargetDependency;
			target = C961C95520BBFA2900A61F25 /* 001-LLDB */;
			targetProxy = C961C97620BBFA2B00A61F25 /* PBXContainerItemProxy */;
		};
/* End PBXTargetDependency section */

/* Begin PBXVariantGroup section */
		C961C95D20BBFA2900A61F25 /* Main.storyboard */ = {
			isa = PBXVariantGroup;
			children = (
				C961C95E20BBFA2900A61F25 /* Base */,
			);
			name = Main.storyboard;
			sourceTree = "<group>";
		};
		C961C96220BBFA2A00A61F25 /* LaunchScreen.storyboard */ = {
			isa = PBXVariantGroup;
			children = (
				C961C96320BBFA2A00A61F25 /* Base */,
			);
			name = LaunchScreen.storyboard;
			sourceTree = "<group>";
		};
/* End PBXVariantGroup section */

/* Begin XCBuildConfiguration section */
		C961C97C20BBFA2B00A61F25 /* Debug */ = {
			isa = XCBuildConfiguration;
			buildSettings = {
				ALWAYS_SEARCH_USER_PATHS = NO;
				CLANG_ANALYZER_NONNULL = YES;
				CLANG_ANALYZER_NUMBER_OBJECT_CONVERSION = YES_AGGRESSIVE;
				CLANG_CXX_LANGUAGE_STANDARD = "gnu++14";
				CLANG_CXX_LIBRARY = "libc++";
				CLANG_ENABLE_MODULES = YES;
				CLANG_ENABLE_OBJC_ARC = YES;
				CLANG_ENABLE_OBJC_WEAK = YES;
				CLANG_WARN_BLOCK_CAPTURE_AUTORELEASING = YES;
				CLANG_WARN_BOOL_CONVERSION = YES;
				CLANG_WARN_COMMA = YES;
				CLANG_WARN_CONSTANT_CONVERSION = YES;
				CLANG_WARN_DEPRECATED_OBJC_IMPLEMENTATIONS = YES;
				CLANG_WARN_DIRECT_OBJC_ISA_USAGE = YES_ERROR;
				CLANG_WARN_DOCUMENTATION_COMMENTS = YES;
				CLANG_WARN_EMPTY_BODY = YES;
				CLANG_WARN_ENUM_CONVERSION = YES;
				CLANG_WARN_INFINITE_RECURSION = YES;
				CLANG_WARN_INT_CONVERSION = YES;
				CLANG_WARN_NON_LITERAL_NULL_CONVERSION = YES;
				CLANG_WARN_OBJC_IMPLICIT_RETAIN_SELF = YES;
				CLANG_WARN_OBJC_LITERAL_CONVERSION = YES;
				CLANG_WARN_OBJC_ROOT_CLASS = YES_ERROR;
				CLANG_WARN_RANGE_LOOP_ANALYSIS = YES;
				CLANG_WARN_STRICT_PROTOTYPES = YES;
				CLANG_WARN_SUSPICIOUS_MOVE = YES;
				CLANG_WARN_UNGUARDED_AVAILABILITY = YES_AGGRESSIVE;
				CLANG_WARN_UNREACHABLE_CODE = YES;
				CLANG_WARN__DUPLICATE_METHOD_MATCH = YES;
				CODE_SIGN_IDENTITY = "iPhone Developer";
				COPY_PHASE_STRIP = NO;
				DEBUG_INFORMATION_FORMAT = dwarf;
				ENABLE_STRICT_OBJC_MSGSEND = YES;
				ENABLE_TESTABILITY = YES;
				GCC_C_LANGUAGE_STANDARD = gnu11;
				GCC_DYNAMIC_NO_PIC = NO;
				GCC_NO_COMMON_BLOCKS = YES;
				GCC_OPTIMIZATION_LEVEL = 0;
				GCC_PREPROCESSOR_DEFINITIONS = (
					"DEBUG=1",
					"$(inherited)",
				);
				GCC_WARN_64_TO_32_BIT_CONVERSION = YES;
				GCC_WARN_ABOUT_RETURN_TYPE = YES_ERROR;
				GCC_WARN_UNDECLARED_SELECTOR = YES;
				GCC_WARN_UNINITIALIZED_AUTOS = YES_AGGRESSIVE;
				GCC_WARN_UNUSED_FUNCTION = YES;
				GCC_WARN_UNUSED_VARIABLE = YES;
				IPHONEOS_DEPLOYMENT_TARGET = 11.3;
				MTL_ENABLE_DEBUG_INFO = YES;
				ONLY_ACTIVE_ARCH = YES;
				SDKROOT = iphoneos;
				SWIFT_ACTIVE_COMPILATION_CONDITIONS = DEBUG;
				SWIFT_OPTIMIZATION_LEVEL = "-Onone";
			};
			name = Debug;
		};
		C961C97D20BBFA2B00A61F25 /* Release */ = {
			isa = XCBuildConfiguration;
			buildSettings = {
				ALWAYS_SEARCH_USER_PATHS = NO;
				CLANG_ANALYZER_NONNULL = YES;
				CLANG_ANALYZER_NUMBER_OBJECT_CONVERSION = YES_AGGRESSIVE;
				CLANG_CXX_LANGUAGE_STANDARD = "gnu++14";
				CLANG_CXX_LIBRARY = "libc++";
				CLANG_ENABLE_MODULES = YES;
				CLANG_ENABLE_OBJC_ARC = YES;
				CLANG_ENABLE_OBJC_WEAK = YES;
				CLANG_WARN_BLOCK_CAPTURE_AUTORELEASING = YES;
				CLANG_WARN_BOOL_CONVERSION = YES;
				CLANG_WARN_COMMA = YES;
				CLANG_WARN_CONSTANT_CONVERSION = YES;
				CLANG_WARN_DEPRECATED_OBJC_IMPLEMENTATIONS = YES;
				CLANG_WARN_DIRECT_OBJC_ISA_USAGE = YES_ERROR;
				CLANG_WARN_DOCUMENTATION_COMMENTS = YES;
				CLANG_WARN_EMPTY_BODY = YES;
				CLANG_WARN_ENUM_CONVERSION = YES;
				CLANG_WARN_INFINITE_RECURSION = YES;
				CLANG_WARN_INT_CONVERSION = YES;
				CLANG_WARN_NON_LITERAL_NULL_CONVERSION = YES;
				CLANG_WARN_OBJC_IMPLICIT_RETAIN_SELF = YES;
				CLANG_WARN_OBJC_LITERAL_CONVERSION = YES;
				CLANG_WARN_OBJC_ROOT_CLASS = YES_ERROR;
				CLANG_WARN_RANGE_LOOP_ANALYSIS = YES;
				CLANG_WARN_STRICT_PROTOTYPES = YES;
				CLANG_WARN_SUSPICIOUS_MOVE = YES;
				CLANG_WARN_UNGUARDED_AVAILABILITY = YES_AGGRESSIVE;
				CLANG_WARN_UNREACHABLE_CODE = YES;
				CLANG_WARN__DUPLICATE_METHOD_MATCH = YES;
				CODE_SIGN_IDENTITY = "iPhone Developer";
				COPY_PHASE_STRIP = NO;
				DEBUG_INFORMATION_FORMAT = "dwarf-with-dsym";
				ENABLE_NS_ASSERTIONS = NO;
				ENABLE_STRICT_OBJC_MSGSEND = YES;
				GCC_C_LANGUAGE_STANDARD = gnu11;
				GCC_NO_COMMON_BLOCKS = YES;
				GCC_WARN_64_TO_32_BIT_CONVERSION = YES;
				GCC_WARN_ABOUT_RETURN_TYPE = YES_ERROR;
				GCC_WARN_UNDECLARED_SELECTOR = YES;
				GCC_WARN_UNINITIALIZED_AUTOS = YES_AGGRESSIVE;
				GCC_WARN_UNUSED_FUNCTION = YES;
				GCC_WARN_UNUSED_VARIABLE = YES;
				IPHONEOS_DEPLOYMENT_TARGET = 11.3;
				MTL_ENABLE_DEBUG_INFO = NO;
				SDKROOT = iphoneos;
				SWIFT_COMPILATION_MODE = wholemodule;
				SWIFT_OPTIMIZATION_LEVEL = "-O";
				VALIDATE_PRODUCT = YES;
			};
			name = Release;
		};
		C961C97F20BBFA2B00A61F25 /* Debug */ = {
			isa = XCBuildConfiguration;
			buildSettings = {
				ASSETCATALOG_COMPILER_APPICON_NAME = AppIcon;
				CODE_SIGN_STYLE = Automatic;
				INFOPLIST_FILE = "001-LLDB/Info.plist";
				IPHONEOS_DEPLOYMENT_TARGET = 9.0;
				LD_RUNPATH_SEARCH_PATHS = (
					"$(inherited)",
					"@executable_path/Frameworks",
				);
				PRODUCT_BUNDLE_IDENTIFIER = "com.syj.-01-LLDB";
				PRODUCT_NAME = "$(TARGET_NAME)";
				SWIFT_VERSION = 4.0;
				TARGETED_DEVICE_FAMILY = "1,2";
			};
			name = Debug;
		};
		C961C98020BBFA2B00A61F25 /* Release */ = {
			isa = XCBuildConfiguration;
			buildSettings = {
				ASSETCATALOG_COMPILER_APPICON_NAME = AppIcon;
				CODE_SIGN_STYLE = Automatic;
				INFOPLIST_FILE = "001-LLDB/Info.plist";
				IPHONEOS_DEPLOYMENT_TARGET = 9.0;
				LD_RUNPATH_SEARCH_PATHS = (
					"$(inherited)",
					"@executable_path/Frameworks",
				);
				PRODUCT_BUNDLE_IDENTIFIER = "com.syj.-01-LLDB";
				PRODUCT_NAME = "$(TARGET_NAME)";
				SWIFT_VERSION = 4.0;
				TARGETED_DEVICE_FAMILY = "1,2";
			};
			name = Release;
		};
		C961C98220BBFA2B00A61F25 /* Debug */ = {
			isa = XCBuildConfiguration;
			buildSettings = {
				ALWAYS_EMBED_SWIFT_STANDARD_LIBRARIES = YES;
				BUNDLE_LOADER = "$(TEST_HOST)";
				CODE_SIGN_STYLE = Automatic;
				INFOPLIST_FILE = "001-LLDBTests/Info.plist";
				LD_RUNPATH_SEARCH_PATHS = (
					"$(inherited)",
					"@executable_path/Frameworks",
					"@loader_path/Frameworks",
				);
				PRODUCT_BUNDLE_IDENTIFIER = "com.syj.-01-LLDBTests";
				PRODUCT_NAME = "$(TARGET_NAME)";
				SWIFT_VERSION = 4.0;
				TARGETED_DEVICE_FAMILY = "1,2";
				TEST_HOST = "$(BUILT_PRODUCTS_DIR)/001-LLDB.app/001-LLDB";
			};
			name = Debug;
		};
		C961C98320BBFA2B00A61F25 /* Release */ = {
			isa = XCBuildConfiguration;
			buildSettings = {
				ALWAYS_EMBED_SWIFT_STANDARD_LIBRARIES = YES;
				BUNDLE_LOADER = "$(TEST_HOST)";
				CODE_SIGN_STYLE = Automatic;
				INFOPLIST_FILE = "001-LLDBTests/Info.plist";
				LD_RUNPATH_SEARCH_PATHS = (
					"$(inherited)",
					"@executable_path/Frameworks",
					"@loader_path/Frameworks",
				);
				PRODUCT_BUNDLE_IDENTIFIER = "com.syj.-01-LLDBTests";
				PRODUCT_NAME = "$(TARGET_NAME)";
				SWIFT_VERSION = 4.0;
				TARGETED_DEVICE_FAMILY = "1,2";
				TEST_HOST = "$(BUILT_PRODUCTS_DIR)/001-LLDB.app/001-LLDB";
			};
			name = Release;
		};
		C961C98520BBFA2B00A61F25 /* Debug */ = {
			isa = XCBuildConfiguration;
			buildSettings = {
				ALWAYS_EMBED_SWIFT_STANDARD_LIBRARIES = YES;
				CODE_SIGN_STYLE = Automatic;
				INFOPLIST_FILE = "001-LLDBUITests/Info.plist";
				LD_RUNPATH_SEARCH_PATHS = (
					"$(inherited)",
					"@executable_path/Frameworks",
					"@loader_path/Frameworks",
				);
				PRODUCT_BUNDLE_IDENTIFIER = "com.syj.-01-LLDBUITests";
				PRODUCT_NAME = "$(TARGET_NAME)";
				SWIFT_VERSION = 4.0;
				TARGETED_DEVICE_FAMILY = "1,2";
				TEST_TARGET_NAME = "001-LLDB";
			};
			name = Debug;
		};
		C961C98620BBFA2B00A61F25 /* Release */ = {
			isa = XCBuildConfiguration;
			buildSettings = {
				ALWAYS_EMBED_SWIFT_STANDARD_LIBRARIES = YES;
				CODE_SIGN_STYLE = Automatic;
				INFOPLIST_FILE = "001-LLDBUITests/Info.plist";
				LD_RUNPATH_SEARCH_PATHS = (
					"$(inherited)",
					"@executable_path/Frameworks",
					"@loader_path/Frameworks",
				);
				PRODUCT_BUNDLE_IDENTIFIER = "com.syj.-01-LLDBUITests";
				PRODUCT_NAME = "$(TARGET_NAME)";
				SWIFT_VERSION = 4.0;
				TARGETED_DEVICE_FAMILY = "1,2";
				TEST_TARGET_NAME = "001-LLDB";
			};
			name = Release;
		};
/* End XCBuildConfiguration section */

/* Begin XCConfigurationList section */
		C961C95120BBFA2900A61F25 /* Build configuration list for PBXProject "001-LLDB" */ = {
			isa = XCConfigurationList;
			buildConfigurations = (
				C961C97C20BBFA2B00A61F25 /* Debug */,
				C961C97D20BBFA2B00A61F25 /* Release */,
			);
			defaultConfigurationIsVisible = 0;
			defaultConfigurationName = Release;
		};
		C961C97E20BBFA2B00A61F25 /* Build configuration list for PBXNativeTarget "001-LLDB" */ = {
			isa = XCConfigurationList;
			buildConfigurations = (
				C961C97F20BBFA2B00A61F25 /* Debug */,
				C961C98020BBFA2B00A61F25 /* Release */,
			);
			defaultConfigurationIsVisible = 0;
			defaultConfigurationName = Release;
		};
		C961C98120BBFA2B00A61F25 /* Build configuration list for PBXNativeTarget "001-LLDBTests" */ = {
			isa = XCConfigurationList;
			buildConfigurations = (
				C961C98220BBFA2B00A61F25 /* Debug */,
				C961C98320BBFA2B00A61F25 /* Release */,
			);
			defaultConfigurationIsVisible = 0;
			defaultConfigurationName = Release;
		};
		C961C98420BBFA2B00A61F25 /* Build configuration list for PBXNativeTarget "001-LLDBUITests" */ = {
			isa = XCConfigurationList;
			buildConfigurations = (
				C961C98520BBFA2B00A61F25 /* Debug */,
				C961C98620BBFA2B00A61F25 /* Release */,
			);
			defaultConfigurationIsVisible = 0;
			defaultConfigurationName = Release;
		};
/* End XCConfigurationList section */
	};
	rootObject = C961C94E20BBFA2900A61F25 /* Project object */;
}
